
Microsoft Visual Studio Solution File, Format Version 12.00
# Visual Studio 15
VisualStudioVersion = 15.0.27428.2015
MinimumVisualStudioVersion = 10.0.40219.1
Project("{FAE04EC0-301F-11D3-BF4B-00C04F79EFBC}") = "Holamundo", "Holamundo\Holamundo.csproj", "{D7AD5EAE-4A51-49E0-9531-F29A8751FCDD}"
EndProject
Global
	GlobalSection(SolutionConfigurationPlatforms) = preSolution
		Debug|Any CPU = Debug|Any CPU
		Release|Any CPU = Release|Any CPU
	EndGlobalSection
	GlobalSection(ProjectConfigurationPlatforms) = postSolution
		{D7AD5EAE-4A51-49E0-9531-F29A8751FCDD}.Debug|Any CPU.ActiveCfg = Debug|Any CPU
		{D7AD5EAE-4A51-49E0-9531-F29A8751FCDD}.Debug|Any CPU.Build.0 = Debug|Any CPU
		{D7AD5EAE-4A51-49E0-9531-F29A8751FCDD}.Release|Any CPU.ActiveCfg = Release|Any CPU
		{D7AD5EAE-4A51-49E0-9531-F29A8751FCDD}.Release|Any CPU.Build.0 = Release|Any CPU
	EndGlobalSection
	GlobalSection(SolutionProperties) = preSolution
		HideSolutionNode = FALSE
	EndGlobalSection
	GlobalSection(ExtensibilityGlobals) = postSolution
		SolutionGuid = {AC55F9F5-B483-4D84-BBEB-6F4BA6BAFB93}
	EndGlobalSection
EndGlobal
